{
  "pins" : [
    {
      "identity" : "glider",
      "kind" : "remoteSourceControl",
      "location" : "https://github.com/immobiliare/Glider.git",
      "state" : {
        "revision" : "1eb7e939e4177f9cd59b430a934bd70a594f3779",
        "version" : "2.0.5"
      }
    }
  ],
  "version" : 2
}
